<?xml version="1.0" encoding="utf-8"?>
<Project ToolsVersion="4.0" xmlns="http://schemas.microsoft.com/developer/msbuild/2003">
  <ItemGroup>
    <Filter Include="헤더 파일">
      <UniqueIdentifier>{93995380-89BD-4b04-88EB-625FBE52EBFB}</UniqueIdentifier>
      <Extensions>h;hh;hpp;hxx;hm;inl;inc;xsd</Extensions>
    </Filter>
    <Filter Include="Scenes">
      <UniqueIdentifier>{4d7c564e-5839-4f81-96e9-3b380da4b431}</UniqueIdentifier>
    </Filter>
    <Filter Include="Scenes\MenuScene">
      <UniqueIdentifier>{52e01670-c7e5-44b9-8134-173dbd515b87}</UniqueIdentifier>
    </Filter>
    <Filter Include="Scenes\GameScene">
      <UniqueIdentifier>{9cc13ec3-2cef-4f54-8df4-ac1fcfb706b4}</UniqueIdentifier>
    </Filter>
    <Filter Include="Unit">
      <UniqueIdentifier>{4cd2b9d7-c5a0-44a7-a25d-114423d67a75}</UniqueIdentifier>
    </Filter>
    <Filter Include="Unit\Player">
      <UniqueIdentifier>{39ae290b-c68b-44c9-beca-6f6e2919d812}</UniqueIdentifier>
    </Filter>
    <Filter Include="Unit\Enemy">
      <UniqueIdentifier>{4b72dd22-f9e6-4bb4-bd35-4fbd51edd560}</UniqueIdentifier>
    </Filter>
    <Filter Include="Unit\Enemy\Slime">
      <UniqueIdentifier>{e4d0cc59-8f8d-437e-b1fe-66a574a22b56}</UniqueIdentifier>
    </Filter>
    <Filter Include="Unit\Enemy\Wisp">
      <UniqueIdentifier>{38e358d7-e7d0-4ca8-87b5-6ea0cc001367}</UniqueIdentifier>
    </Filter>
    <Filter Include="Unit\Enemy\Totem">
      <UniqueIdentifier>{e83263ae-5058-48a7-90f9-f123caba3bbb}</UniqueIdentifier>
    </Filter>
    <Filter Include="Scenes\Stages">
      <UniqueIdentifier>{6720f770-5787-4568-837e-7e6aeb2c2aa2}</UniqueIdentifier>
    </Filter>
    <Filter Include="Scenes\Stages\First">
      <UniqueIdentifier>{0a9d815a-3c89-48dc-9c69-ba770b4e40a1}</UniqueIdentifier>
    </Filter>
    <Filter Include="Scenes\Stages\Second">
      <UniqueIdentifier>{7a017e78-8564-4862-a3c2-bac95511b956}</UniqueIdentifier>
    </Filter>
    <Filter Include="Scenes\Stages\Third">
      <UniqueIdentifier>{17446c1e-74cd-4e60-a14b-744f4986cef0}</UniqueIdentifier>
    </Filter>
    <Filter Include="Scenes\Stages\Fourth">
      <UniqueIdentifier>{fff6e66c-789e-4dd2-8441-211d7f8533a6}</UniqueIdentifier>
    </Filter>
    <Filter Include="Scenes\Stages\Fifth">
      <UniqueIdentifier>{d26f80d8-1d0b-4b68-8150-69985e895f13}</UniqueIdentifier>
    </Filter>
    <Filter Include="Unit\Enemy\Boss">
      <UniqueIdentifier>{3f0333c9-44b8-4288-91fe-62f157038ce7}</UniqueIdentifier>
    </Filter>
    <Filter Include="Unit\Enemy\Boss\Dragon">
      <UniqueIdentifier>{cce6828f-3853-40aa-8cac-ecef26be6210}</UniqueIdentifier>
    </Filter>
    <Filter Include="Unit\Enemy\Boss\Golem">
      <UniqueIdentifier>{f77ec0ea-bb8b-4f39-a033-f92692ff27b0}</UniqueIdentifier>
    </Filter>
  </ItemGroup>
  <ItemGroup>
    <ClCompile Include="stdafx.cpp" />
    <ClCompile Include="PlayerCharacter.cpp">
      <Filter>Unit\Player</Filter>
    </ClCompile>
    <ClCompile Include="MenuScene.cpp">
      <Filter>Scenes\MenuScene</Filter>
    </ClCompile>
    <ClCompile Include="ExampleScene.cpp">
      <Filter>Scenes\GameScene</Filter>
    </ClCompile>
    <ClCompile Include="WinMain.cpp" />
    <ClCompile Include="Slime.cpp">
      <Filter>Unit\Enemy\Slime</Filter>
    </ClCompile>
    <ClCompile Include="Enemy.cpp">
      <Filter>Unit\Enemy</Filter>
    </ClCompile>
    <ClCompile Include="Wisp.cpp">
      <Filter>Unit\Enemy\Wisp</Filter>
    </ClCompile>
    <ClCompile Include="Totem.cpp">
      <Filter>Unit\Enemy\Totem</Filter>
    </ClCompile>
    <ClCompile Include="Golem.cpp">
      <Filter>Unit\Enemy\Boss\Golem</Filter>
    </ClCompile>
    <ClCompile Include="Dragon.cpp">
      <Filter>Unit\Enemy\Boss\Dragon</Filter>
    </ClCompile>
    <ClCompile Include="FirstStage.cpp">
      <Filter>Scenes\Stages\First</Filter>
    </ClCompile>
    <ClCompile Include="FifthStage.cpp">
      <Filter>Scenes\Stages\Fifth</Filter>
    </ClCompile>
    <ClCompile Include="FourthStage.cpp">
      <Filter>Scenes\Stages\Fourth</Filter>
    </ClCompile>
    <ClCompile Include="ThirdStage.cpp">
      <Filter>Scenes\Stages\Third</Filter>
    </ClCompile>
    <ClCompile Include="SecondStage.cpp">
      <Filter>Scenes\Stages\Second</Filter>
    </ClCompile>
    <ClCompile Include="Stage.cpp">
      <Filter>Scenes\Stages</Filter>
    </ClCompile>
    <ClCompile Include="Item.cpp" />
  </ItemGroup>
  <ItemGroup>
    <ClInclude Include="stdafx.h">
      <Filter>헤더 파일</Filter>
    </ClInclude>
    <ClInclude Include="MenuScene.h">
      <Filter>Scenes\MenuScene</Filter>
    </ClInclude>
    <ClInclude Include="ExampleScene.h">
      <Filter>Scenes\GameScene</Filter>
    </ClInclude>
    <ClInclude Include="Slime.h">
      <Filter>Unit\Enemy\Slime</Filter>
    </ClInclude>
    <ClInclude Include="Enemy.h">
      <Filter>Unit\Enemy</Filter>
    </ClInclude>
    <ClInclude Include="Wisp.h">
      <Filter>Unit\Enemy\Wisp</Filter>
    </ClInclude>
    <ClInclude Include="Totem.h">
      <Filter>Unit\Enemy\Totem</Filter>
    </ClInclude>
    <ClInclude Include="PlayerCharacter.h">
      <Filter>Unit\Player</Filter>
    </ClInclude>
    <ClInclude Include="Golem.h">
      <Filter>Unit\Enemy\Boss\Golem</Filter>
    </ClInclude>
    <ClInclude Include="Random.h">
      <Filter>헤더 파일</Filter>
    </ClInclude>
    <ClInclude Include="Dragon.h">
      <Filter>Unit\Enemy\Boss\Dragon</Filter>
    </ClInclude>
    <ClInclude Include="FirstStage.h">
      <Filter>Scenes\Stages\First</Filter>
    </ClInclude>
    <ClInclude Include="FifthStage.h">
      <Filter>Scenes\Stages\Fifth</Filter>
    </ClInclude>
    <ClInclude Include="FourthStage.h">
      <Filter>Scenes\Stages\Fourth</Filter>
    </ClInclude>
    <ClInclude Include="ThirdStage.h">
      <Filter>Scenes\Stages\Third</Filter>
    </ClInclude>
    <ClInclude Include="SecondStage.h">
      <Filter>Scenes\Stages\Second</Filter>
    </ClInclude>
    <ClInclude Include="Stage.h">
      <Filter>Scenes\Stages</Filter>
    </ClInclude>
    <ClInclude Include="Item.h">
      <Filter>헤더 파일</Filter>
    </ClInclude>
  </ItemGroup>
</Project>